
Microsoft Visual Studio Solution File, Format Version 12.00
# Visual Studio Version 17
VisualStudioVersion = 17.11.35222.181
MinimumVisualStudioVersion = 10.0.40219.1
Project("{FAE04EC0-301F-11D3-BF4B-00C04F79EFBC}") = "BunkoNazar.RobotChallange", "BunkoNazar.RobotChallange\BunkoNazar.RobotChallange.csproj", "{A6CF5361-AA6D-4FDF-9B55-C319C41A0F9E}"
EndProject
Project("{FAE04EC0-301F-11D3-BF4B-00C04F79EFBC}") = "BunkoNazar.RobotChallange.Test", "BunkoNazar.RobotChallange.Test\BunkoNazar.RobotChallange.Test.csproj", "{71F5F84B-8082-42A8-862A-AF09A6AABC12}"
EndProject
Global
	GlobalSection(SolutionConfigurationPlatforms) = preSolution
		Debug|Any CPU = Debug|Any CPU
		Release|Any CPU = Release|Any CPU
	EndGlobalSection
	GlobalSection(ProjectConfigurationPlatforms) = postSolution
		{A6CF5361-AA6D-4FDF-9B55-C319C41A0F9E}.Debug|Any CPU.ActiveCfg = Debug|Any CPU
		{A6CF5361-AA6D-4FDF-9B55-C319C41A0F9E}.Debug|Any CPU.Build.0 = Debug|Any CPU
		{A6CF5361-AA6D-4FDF-9B55-C319C41A0F9E}.Release|Any CPU.ActiveCfg = Release|Any CPU
		{A6CF5361-AA6D-4FDF-9B55-C319C41A0F9E}.Release|Any CPU.Build.0 = Release|Any CPU
		{71F5F84B-8082-42A8-862A-AF09A6AABC12}.Debug|Any CPU.ActiveCfg = Debug|Any CPU
		{71F5F84B-8082-42A8-862A-AF09A6AABC12}.Debug|Any CPU.Build.0 = Debug|Any CPU
		{71F5F84B-8082-42A8-862A-AF09A6AABC12}.Release|Any CPU.ActiveCfg = Release|Any CPU
		{71F5F84B-8082-42A8-862A-AF09A6AABC12}.Release|Any CPU.Build.0 = Release|Any CPU
	EndGlobalSection
	GlobalSection(SolutionProperties) = preSolution
		HideSolutionNode = FALSE
	EndGlobalSection
	GlobalSection(ExtensibilityGlobals) = postSolution
		SolutionGuid = {4590AC73-634C-40DF-BD26-75BC51DEE868}
	EndGlobalSection
EndGlobal
