
Microsoft Visual Studio Solution File, Format Version 12.00
# Visual Studio Version 17
VisualStudioVersion = 17.11.35222.181
MinimumVisualStudioVersion = 10.0.40219.1
Project("{FAE04EC0-301F-11D3-BF4B-00C04F79EFBC}") = "Energy", "Energy\Energy.csproj", "{4AF13961-0007-4580-B4D4-DDAA3A0C7409}"
EndProject
Project("{FAE04EC0-301F-11D3-BF4B-00C04F79EFBC}") = "EnergyTest", "EnergyTest\EnergyTest.csproj", "{B098C687-9EE4-43B6-A6F9-D20F6D523649}"
EndProject
Project("{FAE04EC0-301F-11D3-BF4B-00C04F79EFBC}") = "EnergyUI", "EnergyUI\EnergyUI.csproj", "{145DFA09-7DBB-4797-857C-9F227B18B1D2}"
EndProject
Global
	GlobalSection(SolutionConfigurationPlatforms) = preSolution
		Debug|Any CPU = Debug|Any CPU
		Release|Any CPU = Release|Any CPU
	EndGlobalSection
	GlobalSection(ProjectConfigurationPlatforms) = postSolution
		{4AF13961-0007-4580-B4D4-DDAA3A0C7409}.Debug|Any CPU.ActiveCfg = Debug|Any CPU
		{4AF13961-0007-4580-B4D4-DDAA3A0C7409}.Debug|Any CPU.Build.0 = Debug|Any CPU
		{4AF13961-0007-4580-B4D4-DDAA3A0C7409}.Release|Any CPU.ActiveCfg = Release|Any CPU
		{4AF13961-0007-4580-B4D4-DDAA3A0C7409}.Release|Any CPU.Build.0 = Release|Any CPU
		{B098C687-9EE4-43B6-A6F9-D20F6D523649}.Debug|Any CPU.ActiveCfg = Debug|Any CPU
		{B098C687-9EE4-43B6-A6F9-D20F6D523649}.Debug|Any CPU.Build.0 = Debug|Any CPU
		{B098C687-9EE4-43B6-A6F9-D20F6D523649}.Release|Any CPU.ActiveCfg = Release|Any CPU
		{B098C687-9EE4-43B6-A6F9-D20F6D523649}.Release|Any CPU.Build.0 = Release|Any CPU
		{145DFA09-7DBB-4797-857C-9F227B18B1D2}.Debug|Any CPU.ActiveCfg = Debug|Any CPU
		{145DFA09-7DBB-4797-857C-9F227B18B1D2}.Debug|Any CPU.Build.0 = Debug|Any CPU
		{145DFA09-7DBB-4797-857C-9F227B18B1D2}.Release|Any CPU.ActiveCfg = Release|Any CPU
		{145DFA09-7DBB-4797-857C-9F227B18B1D2}.Release|Any CPU.Build.0 = Release|Any CPU
	EndGlobalSection
	GlobalSection(SolutionProperties) = preSolution
		HideSolutionNode = FALSE
	EndGlobalSection
	GlobalSection(ExtensibilityGlobals) = postSolution
		SolutionGuid = {09363449-76B5-427C-86F5-5DB81D2077D6}
	EndGlobalSection
EndGlobal
